<?xml version="1.0" encoding="utf-8"?>
<Project ToolsVersion="4.0" xmlns="http://schemas.microsoft.com/developer/msbuild/2003">
  <ItemGroup>
    <ClCompile Include="source\device.cpp" />
    <ClCompile Include="source\device_enumerator.cpp" />
    <ClCompile Include="source\driver_interface.cpp" />
  </ItemGroup>
  <ItemGroup>
    <ClInclude Include="source\common.h" />
    <ClInclude Include="source\device.h" />
    <ClInclude Include="source\device_enumerator.h" />
    <ClInclude Include="source\driver_interface.h" />
  </ItemGroup>
</Project>